
Microsoft Visual Studio Solution File, Format Version 12.00
# Visual Studio Version 16
VisualStudioVersion = 16.0.30011.22
MinimumVisualStudioVersion = 10.0.40219.1
Project("{FAE04EC0-301F-11D3-BF4B-00C04F79EFBC}") = "Lab1-PatronBridge", "Lab1-PatronBridge\Lab1-PatronBridge.csproj", "{AADEAE7A-CC38-4F06-AB03-C174C973F440}"
EndProject
Global
	GlobalSection(SolutionConfigurationPlatforms) = preSolution
		Debug|Any CPU = Debug|Any CPU
		Release|Any CPU = Release|Any CPU
	EndGlobalSection
	GlobalSection(ProjectConfigurationPlatforms) = postSolution
		{AADEAE7A-CC38-4F06-AB03-C174C973F440}.Debug|Any CPU.ActiveCfg = Debug|Any CPU
		{AADEAE7A-CC38-4F06-AB03-C174C973F440}.Debug|Any CPU.Build.0 = Debug|Any CPU
		{AADEAE7A-CC38-4F06-AB03-C174C973F440}.Release|Any CPU.ActiveCfg = Release|Any CPU
		{AADEAE7A-CC38-4F06-AB03-C174C973F440}.Release|Any CPU.Build.0 = Release|Any CPU
	EndGlobalSection
	GlobalSection(SolutionProperties) = preSolution
		HideSolutionNode = FALSE
	EndGlobalSection
	GlobalSection(ExtensibilityGlobals) = postSolution
		SolutionGuid = {9A2F50C6-DA32-47A4-8D8C-362E2B06150F}
	EndGlobalSection
EndGlobal
