
Microsoft Visual Studio Solution File, Format Version 12.00
# Visual Studio Version 16
VisualStudioVersion = 16.0.30114.105
MinimumVisualStudioVersion = 10.0.40219.1
Project("{FAE04EC0-301F-11D3-BF4B-00C04F79EFBC}") = "Lab09-TuberiasYFiltros", "Lab09-TuberiasYFiltros\Lab09-TuberiasYFiltros.csproj", "{0285BB82-A6C3-4562-98A2-89D058D26295}"
EndProject
Global
	GlobalSection(SolutionConfigurationPlatforms) = preSolution
		Debug|Any CPU = Debug|Any CPU
		Release|Any CPU = Release|Any CPU
	EndGlobalSection
	GlobalSection(ProjectConfigurationPlatforms) = postSolution
		{0285BB82-A6C3-4562-98A2-89D058D26295}.Debug|Any CPU.ActiveCfg = Debug|Any CPU
		{0285BB82-A6C3-4562-98A2-89D058D26295}.Debug|Any CPU.Build.0 = Debug|Any CPU
		{0285BB82-A6C3-4562-98A2-89D058D26295}.Release|Any CPU.ActiveCfg = Release|Any CPU
		{0285BB82-A6C3-4562-98A2-89D058D26295}.Release|Any CPU.Build.0 = Release|Any CPU
	EndGlobalSection
	GlobalSection(SolutionProperties) = preSolution
		HideSolutionNode = FALSE
	EndGlobalSection
	GlobalSection(ExtensibilityGlobals) = postSolution
		SolutionGuid = {328826BE-B0B9-4AC0-A523-2CA318B3DE14}
	EndGlobalSection
EndGlobal
